
Microsoft Visual Studio Solution File, Format Version 12.00
# Visual Studio 15
VisualStudioVersion = 15.0.27004.2006
MinimumVisualStudioVersion = 10.0.40219.1
Project("{FAE04EC0-301F-11D3-BF4B-00C04F79EFBC}") = "PC_App", "PC_App\PC_App.csproj", "{FA4A5DBB-7C96-4A66-A252-BF949C138BDF}"
EndProject
Project("{FAE04EC0-301F-11D3-BF4B-00C04F79EFBC}") = "PC_App.UnitTests", "PC_App.UnitTests\PC_App.UnitTests.csproj", "{0F363148-E3E8-4910-A87C-4EE6355FE855}"
EndProject
Global
	GlobalSection(SolutionConfigurationPlatforms) = preSolution
		Debug|Any CPU = Debug|Any CPU
		Release|Any CPU = Release|Any CPU
	EndGlobalSection
	GlobalSection(ProjectConfigurationPlatforms) = postSolution
		{FA4A5DBB-7C96-4A66-A252-BF949C138BDF}.Debug|Any CPU.ActiveCfg = Debug|Any CPU
		{FA4A5DBB-7C96-4A66-A252-BF949C138BDF}.Debug|Any CPU.Build.0 = Debug|Any CPU
		{FA4A5DBB-7C96-4A66-A252-BF949C138BDF}.Release|Any CPU.ActiveCfg = Release|Any CPU
		{FA4A5DBB-7C96-4A66-A252-BF949C138BDF}.Release|Any CPU.Build.0 = Release|Any CPU
		{0F363148-E3E8-4910-A87C-4EE6355FE855}.Debug|Any CPU.ActiveCfg = Debug|Any CPU
		{0F363148-E3E8-4910-A87C-4EE6355FE855}.Debug|Any CPU.Build.0 = Debug|Any CPU
		{0F363148-E3E8-4910-A87C-4EE6355FE855}.Release|Any CPU.ActiveCfg = Release|Any CPU
		{0F363148-E3E8-4910-A87C-4EE6355FE855}.Release|Any CPU.Build.0 = Release|Any CPU
	EndGlobalSection
	GlobalSection(SolutionProperties) = preSolution
		HideSolutionNode = FALSE
	EndGlobalSection
	GlobalSection(ExtensibilityGlobals) = postSolution
		SolutionGuid = {12A22373-E331-43B5-9B20-7934C02618BB}
	EndGlobalSection
EndGlobal
